
Microsoft Visual Studio Solution File, Format Version 12.00
# Visual Studio 15
VisualStudioVersion = 15.0.26621.2
MinimumVisualStudioVersion = 10.0.40219.1
Project("{FAE04EC0-301F-11D3-BF4B-00C04F79EFBC}") = "WpfRenderTests", "WpfRenderTests\WpfRenderTests.csproj", "{6BBD7643-1C3A-4CF5-BB6E-8442EFC5DD9E}"
EndProject
Project("{FAE04EC0-301F-11D3-BF4B-00C04F79EFBC}") = "Scratchpad", "Scratchpad\Scratchpad.csproj", "{5D713D9F-6205-4DA4-9156-53F43C11AB61}"
EndProject
Global
	GlobalSection(SolutionConfigurationPlatforms) = preSolution
		Debug|Any CPU = Debug|Any CPU
		Release|Any CPU = Release|Any CPU
	EndGlobalSection
	GlobalSection(ProjectConfigurationPlatforms) = postSolution
		{6BBD7643-1C3A-4CF5-BB6E-8442EFC5DD9E}.Debug|Any CPU.ActiveCfg = Debug|Any CPU
		{6BBD7643-1C3A-4CF5-BB6E-8442EFC5DD9E}.Debug|Any CPU.Build.0 = Debug|Any CPU
		{6BBD7643-1C3A-4CF5-BB6E-8442EFC5DD9E}.Release|Any CPU.ActiveCfg = Release|Any CPU
		{6BBD7643-1C3A-4CF5-BB6E-8442EFC5DD9E}.Release|Any CPU.Build.0 = Release|Any CPU
		{5D713D9F-6205-4DA4-9156-53F43C11AB61}.Debug|Any CPU.ActiveCfg = Debug|Any CPU
		{5D713D9F-6205-4DA4-9156-53F43C11AB61}.Debug|Any CPU.Build.0 = Debug|Any CPU
		{5D713D9F-6205-4DA4-9156-53F43C11AB61}.Release|Any CPU.ActiveCfg = Release|Any CPU
		{5D713D9F-6205-4DA4-9156-53F43C11AB61}.Release|Any CPU.Build.0 = Release|Any CPU
	EndGlobalSection
	GlobalSection(SolutionProperties) = preSolution
		HideSolutionNode = FALSE
	EndGlobalSection
	GlobalSection(ExtensibilityGlobals) = postSolution
		SolutionGuid = {18108738-7D82-4E1B-9B01-37AC78126B0D}
	EndGlobalSection
EndGlobal
